{
    "_meta": {
        "hash": {
            "sha256": "cafc46b62a3ad97688f8d1c02bea4e4ae7a7d183e0020ddbe07ffda097faea13"
        },
        "pipfile-spec": 6,
        "requires": {
            "python_version": "3.13"
        },
        "sources": [
            {
                "name": "pypi",
                "url": "https://pypi.org/simple",
                "verify_ssl": true
            }
        ]
    },
    "default": {
        "z3-solver": {
            "hashes": [
                "sha256:3ab20f602e9d00b3928f5692b05455c6496dd171761874937169f949cb5ee6f5",
                "sha256:4bd2b1956c39e29902910ff3898b4999cd0613cf80eee4c58b1572cae3d33248",
                "sha256:5c04967807ba3a33a28232c6c4c59d76257b8726a323ee8aea907820f27ca76e",
                "sha256:86594ca6f25531d4bf1f42d23cbc463877ddd06c9d5c4df7160313e1dace898c",
                "sha256:cb58bc05a88889d5ba6246ebc9f0d2f6cf346002fe73df4a4d8b358ac012ab44",
                "sha256:dc8e48fa2855f6f7fa5fda450a5f7f042651f447835e5a2db531960658eb012d",
                "sha256:ddc6981d83205cbe6000b8fa71f78da496bbaa635fadaf776b6d129b80e7b113"
            ],
            "index": "pypi",
            "version": "==4.14.1.0"
        }
    },
    "develop": {}
}
